
Microsoft Visual Studio Solution File, Format Version 12.00
# Visual Studio Version 17
VisualStudioVersion = 17.9.34728.123
MinimumVisualStudioVersion = 10.0.40219.1
Project("{FAE04EC0-301F-11D3-BF4B-00C04F79EFBC}") = "SOEN_WEB_APP", "SOEN_WEB_APP.csproj", "{72AF92B4-1026-4797-8D6B-0739D3205151}"
EndProject
Global
	GlobalSection(SolutionConfigurationPlatforms) = preSolution
		Debug|Any CPU = Debug|Any CPU
		Release|Any CPU = Release|Any CPU
	EndGlobalSection
	GlobalSection(ProjectConfigurationPlatforms) = postSolution
		{72AF92B4-1026-4797-8D6B-0739D3205151}.Debug|Any CPU.ActiveCfg = Debug|Any CPU
		{72AF92B4-1026-4797-8D6B-0739D3205151}.Debug|Any CPU.Build.0 = Debug|Any CPU
		{72AF92B4-1026-4797-8D6B-0739D3205151}.Release|Any CPU.ActiveCfg = Release|Any CPU
		{72AF92B4-1026-4797-8D6B-0739D3205151}.Release|Any CPU.Build.0 = Release|Any CPU
	EndGlobalSection
	GlobalSection(SolutionProperties) = preSolution
		HideSolutionNode = FALSE
	EndGlobalSection
	GlobalSection(ExtensibilityGlobals) = postSolution
		SolutionGuid = {13E5D448-971F-456F-B525-AF78E1039FCB}
	EndGlobalSection
EndGlobal
